
Microsoft Visual Studio Solution File, Format Version 12.00
# Visual Studio Version 16
VisualStudioVersion = 16.0.32929.386
MinimumVisualStudioVersion = 10.0.40219.1
Project("{FAE04EC0-301F-11D3-BF4B-00C04F79EFBC}") = "ЦПИбв-31_Виноградов_Олег_Танки", "ЦПИбв-31_Виноградов_Олег_Танки.csproj", "{4005D8AD-3EA7-42C4-88AD-FFB82AB0C494}"
EndProject
Global
	GlobalSection(SolutionConfigurationPlatforms) = preSolution
		Debug|Any CPU = Debug|Any CPU
		Release|Any CPU = Release|Any CPU
	EndGlobalSection
	GlobalSection(ProjectConfigurationPlatforms) = postSolution
		{4005D8AD-3EA7-42C4-88AD-FFB82AB0C494}.Debug|Any CPU.ActiveCfg = Debug|Any CPU
		{4005D8AD-3EA7-42C4-88AD-FFB82AB0C494}.Debug|Any CPU.Build.0 = Debug|Any CPU
		{4005D8AD-3EA7-42C4-88AD-FFB82AB0C494}.Release|Any CPU.ActiveCfg = Release|Any CPU
		{4005D8AD-3EA7-42C4-88AD-FFB82AB0C494}.Release|Any CPU.Build.0 = Release|Any CPU
	EndGlobalSection
	GlobalSection(SolutionProperties) = preSolution
		HideSolutionNode = FALSE
	EndGlobalSection
	GlobalSection(ExtensibilityGlobals) = postSolution
		SolutionGuid = {64160B7C-C370-41FD-90AC-8BD3B8DCDD2F}
	EndGlobalSection
EndGlobal
